
Microsoft Visual Studio Solution File, Format Version 12.00
# Visual Studio Version 16
VisualStudioVersion = 16.0.30413.136
MinimumVisualStudioVersion = 10.0.40219.1
Project("{9A19103F-16F7-4668-BE54-9A1E7A4F7556}") = "OpenRpg.Demos.Web", "OpenRpg.Demos.Web\OpenRpg.Demos.Web.csproj", "{617E158C-9643-40F3-A4A5-9D3ADDE6453B}"
EndProject
Project("{FAE04EC0-301F-11D3-BF4B-00C04F79EFBC}") = "OpenRpg.Demos.Infrastructure", "OpenRpg.Demos.Infrastructure\OpenRpg.Demos.Infrastructure.csproj", "{544F1027-9EAA-43EC-9142-938F9B61262F}"
EndProject
Global
	GlobalSection(SolutionConfigurationPlatforms) = preSolution
		Debug|Any CPU = Debug|Any CPU
		Release|Any CPU = Release|Any CPU
	EndGlobalSection
	GlobalSection(ProjectConfigurationPlatforms) = postSolution
		{617E158C-9643-40F3-A4A5-9D3ADDE6453B}.Debug|Any CPU.ActiveCfg = Debug|Any CPU
		{617E158C-9643-40F3-A4A5-9D3ADDE6453B}.Debug|Any CPU.Build.0 = Debug|Any CPU
		{617E158C-9643-40F3-A4A5-9D3ADDE6453B}.Release|Any CPU.ActiveCfg = Release|Any CPU
		{617E158C-9643-40F3-A4A5-9D3ADDE6453B}.Release|Any CPU.Build.0 = Release|Any CPU
		{544F1027-9EAA-43EC-9142-938F9B61262F}.Debug|Any CPU.ActiveCfg = Debug|Any CPU
		{544F1027-9EAA-43EC-9142-938F9B61262F}.Debug|Any CPU.Build.0 = Debug|Any CPU
		{544F1027-9EAA-43EC-9142-938F9B61262F}.Release|Any CPU.ActiveCfg = Release|Any CPU
		{544F1027-9EAA-43EC-9142-938F9B61262F}.Release|Any CPU.Build.0 = Release|Any CPU
	EndGlobalSection
	GlobalSection(SolutionProperties) = preSolution
		HideSolutionNode = FALSE
	EndGlobalSection
	GlobalSection(ExtensibilityGlobals) = postSolution
		SolutionGuid = {F97E4031-8B4E-47FC-9748-0F4AFD1C78AE}
	EndGlobalSection
EndGlobal
